// !$*UTF8*$!
{
	archiveVersion = 1;
	classes = {
	};
	objectVersion = 50;
	objects = {

/* Begin PBXBuildFile section */
		11B8C017227DC3AB003B4C65 /* UIViewLayoutHelpers.swift in Sources */ = {isa = PBXBuildFile; fileRef = 11B8C011227DC3AB003B4C65 /* UIViewLayoutHelpers.swift */; };
		11B8C018227DC3AB003B4C65 /* Set<NSLayoutConstraint.Attribute>Extensions.swift in Sources */ = {isa = PBXBuildFile; fileRef = 11B8C012227DC3AB003B4C65 /* Set<NSLayoutConstraint.Attribute>Extensions.swift */; };
		11B8C019227DC3AB003B4C65 /* CGSizeExtensions.swift in Sources */ = {isa = PBXBuildFile; fileRef = 11B8C013227DC3AB003B4C65 /* CGSizeExtensions.swift */; };
		11B8C01A227DC3AB003B4C65 /* UIEdgeInsetsExtensions.swift in Sources */ = {isa = PBXBuildFile; fileRef = 11B8C014227DC3AB003B4C65 /* UIEdgeInsetsExtensions.swift */; };
		11B8C01B227DC3AB003B4C65 /* CGMultiplierExtensions.swift in Sources */ = {isa = PBXBuildFile; fileRef = 11B8C015227DC3AB003B4C65 /* CGMultiplierExtensions.swift */; };
		11B8C01C227DC3AB003B4C65 /* UIOffsetExtensions.swift in Sources */ = {isa = PBXBuildFile; fileRef = 11B8C016227DC3AB003B4C65 /* UIOffsetExtensions.swift */; };
		11B8C020227DCEDC003B4C65 /* CodableExtensions.swift in Sources */ = {isa = PBXBuildFile; fileRef = 11B8C01E227DCEDC003B4C65 /* CodableExtensions.swift */; };
		11B8C021227DCEDC003B4C65 /* DataObjectExtensions.swift in Sources */ = {isa = PBXBuildFile; fileRef = 11B8C01F227DCEDC003B4C65 /* DataObjectExtensions.swift */; };
		11B8C024227DD200003B4C65 /* UIViewControllerExtensions.swift in Sources */ = {isa = PBXBuildFile; fileRef = 11B8C023227DD200003B4C65 /* UIViewControllerExtensions.swift */; };
		11B8C026227DD217003B4C65 /* SecureTableViewCell.swift in Sources */ = {isa = PBXBuildFile; fileRef = 11B8C025227DD217003B4C65 /* SecureTableViewCell.swift */; };
		11B8C028227DD22B003B4C65 /* SecureItem.swift in Sources */ = {isa = PBXBuildFile; fileRef = 11B8C027227DD22B003B4C65 /* SecureItem.swift */; };
		11B8C02A227DE310003B4C65 /* SecureDataSource.swift in Sources */ = {isa = PBXBuildFile; fileRef = 11B8C029227DE310003B4C65 /* SecureDataSource.swift */; };
		11B8C02E227EDAEB003B4C65 /* LAHelper.swift in Sources */ = {isa = PBXBuildFile; fileRef = 11B8C02D227EDAEB003B4C65 /* LAHelper.swift */; };
		11D63992227D60AA000ABD2E /* AppDelegate.swift in Sources */ = {isa = PBXBuildFile; fileRef = 11D63991227D60AA000ABD2E /* AppDelegate.swift */; };
		11D63994227D60AA000ABD2E /* SecureViewController.swift in Sources */ = {isa = PBXBuildFile; fileRef = 11D63993227D60AA000ABD2E /* SecureViewController.swift */; };
		11D63999227D60AB000ABD2E /* Assets.xcassets in Resources */ = {isa = PBXBuildFile; fileRef = 11D63998227D60AB000ABD2E /* Assets.xcassets */; };
		11D639B0227D729C000ABD2E /* Reusable.swift in Sources */ = {isa = PBXBuildFile; fileRef = 11D639AE227D729C000ABD2E /* Reusable.swift */; };
		11D639B1227D729C000ABD2E /* UITableViewExtensions.swift in Sources */ = {isa = PBXBuildFile; fileRef = 11D639AF227D729C000ABD2E /* UITableViewExtensions.swift */; };
		11D639B4227D8129000ABD2E /* KeychainItemAccessibility.swift in Sources */ = {isa = PBXBuildFile; fileRef = 11D639B2227D8128000ABD2E /* KeychainItemAccessibility.swift */; };
		11D639B5227D8129000ABD2E /* KeychainWrapper.swift in Sources */ = {isa = PBXBuildFile; fileRef = 11D639B3227D8129000ABD2E /* KeychainWrapper.swift */; };
/* End PBXBuildFile section */

/* Begin PBXFileReference section */
		11B8C011227DC3AB003B4C65 /* UIViewLayoutHelpers.swift */ = {isa = PBXFileReference; fileEncoding = 4; lastKnownFileType = sourcecode.swift; path = UIViewLayoutHelpers.swift; sourceTree = "<group>"; };
		11B8C012227DC3AB003B4C65 /* Set<NSLayoutConstraint.Attribute>Extensions.swift */ = {isa = PBXFileReference; fileEncoding = 4; lastKnownFileType = sourcecode.swift; path = "Set<NSLayoutConstraint.Attribute>Extensions.swift"; sourceTree = "<group>"; };
		11B8C013227DC3AB003B4C65 /* CGSizeExtensions.swift */ = {isa = PBXFileReference; fileEncoding = 4; lastKnownFileType = sourcecode.swift; path = CGSizeExtensions.swift; sourceTree = "<group>"; };
		11B8C014227DC3AB003B4C65 /* UIEdgeInsetsExtensions.swift */ = {isa = PBXFileReference; fileEncoding = 4; lastKnownFileType = sourcecode.swift; path = UIEdgeInsetsExtensions.swift; sourceTree = "<group>"; };
		11B8C015227DC3AB003B4C65 /* CGMultiplierExtensions.swift */ = {isa = PBXFileReference; fileEncoding = 4; lastKnownFileType = sourcecode.swift; path = CGMultiplierExtensions.swift; sourceTree = "<group>"; };
		11B8C016227DC3AB003B4C65 /* UIOffsetExtensions.swift */ = {isa = PBXFileReference; fileEncoding = 4; lastKnownFileType = sourcecode.swift; path = UIOffsetExtensions.swift; sourceTree = "<group>"; };
		11B8C01E227DCEDC003B4C65 /* CodableExtensions.swift */ = {isa = PBXFileReference; fileEncoding = 4; lastKnownFileType = sourcecode.swift; path = CodableExtensions.swift; sourceTree = "<group>"; };
		11B8C01F227DCEDC003B4C65 /* DataObjectExtensions.swift */ = {isa = PBXFileReference; fileEncoding = 4; lastKnownFileType = sourcecode.swift; path = DataObjectExtensions.swift; sourceTree = "<group>"; };
		11B8C023227DD200003B4C65 /* UIViewControllerExtensions.swift */ = {isa = PBXFileReference; lastKnownFileType = sourcecode.swift; path = UIViewControllerExtensions.swift; sourceTree = "<group>"; };
		11B8C025227DD217003B4C65 /* SecureTableViewCell.swift */ = {isa = PBXFileReference; lastKnownFileType = sourcecode.swift; path = SecureTableViewCell.swift; sourceTree = "<group>"; };
		11B8C027227DD22B003B4C65 /* SecureItem.swift */ = {isa = PBXFileReference; lastKnownFileType = sourcecode.swift; path = SecureItem.swift; sourceTree = "<group>"; };
		11B8C029227DE310003B4C65 /* SecureDataSource.swift */ = {isa = PBXFileReference; lastKnownFileType = sourcecode.swift; path = SecureDataSource.swift; sourceTree = "<group>"; };
		11B8C02D227EDAEB003B4C65 /* LAHelper.swift */ = {isa = PBXFileReference; lastKnownFileType = sourcecode.swift; path = LAHelper.swift; sourceTree = "<group>"; };
		11D6398E227D60AA000ABD2E /* SwiftSecurity.app */ = {isa = PBXFileReference; explicitFileType = wrapper.application; includeInIndex = 0; path = SwiftSecurity.app; sourceTree = BUILT_PRODUCTS_DIR; };
		11D63991227D60AA000ABD2E /* AppDelegate.swift */ = {isa = PBXFileReference; lastKnownFileType = sourcecode.swift; path = AppDelegate.swift; sourceTree = "<group>"; };
		11D63993227D60AA000ABD2E /* SecureViewController.swift */ = {isa = PBXFileReference; lastKnownFileType = sourcecode.swift; path = SecureViewController.swift; sourceTree = "<group>"; };
		11D63998227D60AB000ABD2E /* Assets.xcassets */ = {isa = PBXFileReference; lastKnownFileType = folder.assetcatalog; path = Assets.xcassets; sourceTree = "<group>"; };
		11D6399D227D60AB000ABD2E /* Info.plist */ = {isa = PBXFileReference; lastKnownFileType = text.plist.xml; path = Info.plist; sourceTree = "<group>"; };
		11D639AE227D729C000ABD2E /* Reusable.swift */ = {isa = PBXFileReference; fileEncoding = 4; lastKnownFileType = sourcecode.swift; path = Reusable.swift; sourceTree = "<group>"; };
		11D639AF227D729C000ABD2E /* UITableViewExtensions.swift */ = {isa = PBXFileReference; fileEncoding = 4; lastKnownFileType = sourcecode.swift; path = UITableViewExtensions.swift; sourceTree = "<group>"; };
		11D639B2227D8128000ABD2E /* KeychainItemAccessibility.swift */ = {isa = PBXFileReference; fileEncoding = 4; lastKnownFileType = sourcecode.swift; path = KeychainItemAccessibility.swift; sourceTree = "<group>"; };
		11D639B3227D8129000ABD2E /* KeychainWrapper.swift */ = {isa = PBXFileReference; fileEncoding = 4; lastKnownFileType = sourcecode.swift; path = KeychainWrapper.swift; sourceTree = "<group>"; };
/* End PBXFileReference section */

/* Begin PBXFrameworksBuildPhase section */
		11D6398B227D60AA000ABD2E /* Frameworks */ = {
			isa = PBXFrameworksBuildPhase;
			buildActionMask = 2147483647;
			files = (
			);
			runOnlyForDeploymentPostprocessing = 0;
		};
/* End PBXFrameworksBuildPhase section */

/* Begin PBXGroup section */
		11B8C01D227DCEC9003B4C65 /* Codable */ = {
			isa = PBXGroup;
			children = (
				11B8C01E227DCEDC003B4C65 /* CodableExtensions.swift */,
				11B8C01F227DCEDC003B4C65 /* DataObjectExtensions.swift */,
			);
			path = Codable;
			sourceTree = "<group>";
		};
		11B8C022227DD1F4003B4C65 /* Helpers */ = {
			isa = PBXGroup;
			children = (
				11B8C02D227EDAEB003B4C65 /* LAHelper.swift */,
				11B8C023227DD200003B4C65 /* UIViewControllerExtensions.swift */,
			);
			path = Helpers;
			sourceTree = "<group>";
		};
		11C9F0C8227EE4E300024204 /* Supporting Files */ = {
			isa = PBXGroup;
			children = (
				11D63998227D60AB000ABD2E /* Assets.xcassets */,
				11D6399D227D60AB000ABD2E /* Info.plist */,
			);
			path = "Supporting Files";
			sourceTree = "<group>";
		};
		11C9F0C9227EE4FB00024204 /* Singletons */ = {
			isa = PBXGroup;
			children = (
				11D63991227D60AA000ABD2E /* AppDelegate.swift */,
			);
			path = Singletons;
			sourceTree = "<group>";
		};
		11C9F0CA227EE50800024204 /* ViewControllers */ = {
			isa = PBXGroup;
			children = (
				11D63993227D60AA000ABD2E /* SecureViewController.swift */,
			);
			path = ViewControllers;
			sourceTree = "<group>";
		};
		11C9F0CC227EE55300024204 /* Views */ = {
			isa = PBXGroup;
			children = (
				11B8C025227DD217003B4C65 /* SecureTableViewCell.swift */,
			);
			path = Views;
			sourceTree = "<group>";
		};
		11C9F0CD227EE55E00024204 /* Models */ = {
			isa = PBXGroup;
			children = (
				11B8C027227DD22B003B4C65 /* SecureItem.swift */,
				11B8C029227DE310003B4C65 /* SecureDataSource.swift */,
			);
			path = Models;
			sourceTree = "<group>";
		};
		11D63985227D60AA000ABD2E = {
			isa = PBXGroup;
			children = (
				11D63990227D60AA000ABD2E /* SwiftSecurity */,
				11D6398F227D60AA000ABD2E /* Products */,
			);
			sourceTree = "<group>";
		};
		11D6398F227D60AA000ABD2E /* Products */ = {
			isa = PBXGroup;
			children = (
				11D6398E227D60AA000ABD2E /* SwiftSecurity.app */,
			);
			name = Products;
			sourceTree = "<group>";
		};
		11D63990227D60AA000ABD2E /* SwiftSecurity */ = {
			isa = PBXGroup;
			children = (
				11C9F0CD227EE55E00024204 /* Models */,
				11C9F0CC227EE55300024204 /* Views */,
				11C9F0CA227EE50800024204 /* ViewControllers */,
				11C9F0C9227EE4FB00024204 /* Singletons */,
				11C9F0C8227EE4E300024204 /* Supporting Files */,
				11D639B6227D8134000ABD2E /* Helpers */,
			);
			path = SwiftSecurity;
			sourceTree = "<group>";
		};
		11D639B6227D8134000ABD2E /* Helpers */ = {
			isa = PBXGroup;
			children = (
				11B8C022227DD1F4003B4C65 /* Helpers */,
				11B8C01D227DCEC9003B4C65 /* Codable */,
				11D639B9227DC34D000ABD2E /* Layout */,
				11D639B8227D814C000ABD2E /* Reusable */,
				11D639B7227D813F000ABD2E /* Keychain */,
			);
			path = Helpers;
			sourceTree = "<group>";
		};
		11D639B7227D813F000ABD2E /* Keychain */ = {
			isa = PBXGroup;
			children = (
				11D639B2227D8128000ABD2E /* KeychainItemAccessibility.swift */,
				11D639B3227D8129000ABD2E /* KeychainWrapper.swift */,
			);
			path = Keychain;
			sourceTree = "<group>";
		};
		11D639B8227D814C000ABD2E /* Reusable */ = {
			isa = PBXGroup;
			children = (
				11D639AE227D729C000ABD2E /* Reusable.swift */,
				11D639AF227D729C000ABD2E /* UITableViewExtensions.swift */,
			);
			path = Reusable;
			sourceTree = "<group>";
		};
		11D639B9227DC34D000ABD2E /* Layout */ = {
			isa = PBXGroup;
			children = (
				11B8C015227DC3AB003B4C65 /* CGMultiplierExtensions.swift */,
				11B8C013227DC3AB003B4C65 /* CGSizeExtensions.swift */,
				11B8C012227DC3AB003B4C65 /* Set<NSLayoutConstraint.Attribute>Extensions.swift */,
				11B8C014227DC3AB003B4C65 /* UIEdgeInsetsExtensions.swift */,
				11B8C016227DC3AB003B4C65 /* UIOffsetExtensions.swift */,
				11B8C011227DC3AB003B4C65 /* UIViewLayoutHelpers.swift */,
			);
			path = Layout;
			sourceTree = "<group>";
		};
/* End PBXGroup section */

/* Begin PBXNativeTarget section */
		11D6398D227D60AA000ABD2E /* SwiftSecurity */ = {
			isa = PBXNativeTarget;
			buildConfigurationList = 11D639A0227D60AB000ABD2E /* Build configuration list for PBXNativeTarget "SwiftSecurity" */;
			buildPhases = (
				11D6398A227D60AA000ABD2E /* Sources */,
				11D6398B227D60AA000ABD2E /* Frameworks */,
				11D6398C227D60AA000ABD2E /* Resources */,
			);
			buildRules = (
			);
			dependencies = (
			);
			name = SwiftSecurity;
			productName = SwiftSecurity;
			productReference = 11D6398E227D60AA000ABD2E /* SwiftSecurity.app */;
			productType = "com.apple.product-type.application";
		};
/* End PBXNativeTarget section */

/* Begin PBXProject section */
		11D63986227D60AA000ABD2E /* Project object */ = {
			isa = PBXProject;
			attributes = {
				LastSwiftUpdateCheck = 1020;
				LastUpgradeCheck = 1020;
				ORGANIZATIONNAME = "Bibin Jacob Pulickal";
				TargetAttributes = {
					11D6398D227D60AA000ABD2E = {
						CreatedOnToolsVersion = 10.2;
					};
				};
			};
			buildConfigurationList = 11D63989227D60AA000ABD2E /* Build configuration list for PBXProject "SwiftSecurity" */;
			compatibilityVersion = "Xcode 9.3";
			developmentRegion = en;
			hasScannedForEncodings = 0;
			knownRegions = (
				en,
				Base,
			);
			mainGroup = 11D63985227D60AA000ABD2E;
			productRefGroup = 11D6398F227D60AA000ABD2E /* Products */;
			projectDirPath = "";
			projectRoot = "";
			targets = (
				11D6398D227D60AA000ABD2E /* SwiftSecurity */,
			);
		};
/* End PBXProject section */

/* Begin PBXResourcesBuildPhase section */
		11D6398C227D60AA000ABD2E /* Resources */ = {
			isa = PBXResourcesBuildPhase;
			buildActionMask = 2147483647;
			files = (
				11D63999227D60AB000ABD2E /* Assets.xcassets in Resources */,
			);
			runOnlyForDeploymentPostprocessing = 0;
		};
/* End PBXResourcesBuildPhase section */

/* Begin PBXSourcesBuildPhase section */
		11D6398A227D60AA000ABD2E /* Sources */ = {
			isa = PBXSourcesBuildPhase;
			buildActionMask = 2147483647;
			files = (
				11B8C028227DD22B003B4C65 /* SecureItem.swift in Sources */,
				11B8C018227DC3AB003B4C65 /* Set<NSLayoutConstraint.Attribute>Extensions.swift in Sources */,
				11D639B0227D729C000ABD2E /* Reusable.swift in Sources */,
				11D63994227D60AA000ABD2E /* SecureViewController.swift in Sources */,
				11B8C02E227EDAEB003B4C65 /* LAHelper.swift in Sources */,
				11D63992227D60AA000ABD2E /* AppDelegate.swift in Sources */,
				11D639B5227D8129000ABD2E /* KeychainWrapper.swift in Sources */,
				11B8C026227DD217003B4C65 /* SecureTableViewCell.swift in Sources */,
				11D639B4227D8129000ABD2E /* KeychainItemAccessibility.swift in Sources */,
				11B8C017227DC3AB003B4C65 /* UIViewLayoutHelpers.swift in Sources */,
				11B8C024227DD200003B4C65 /* UIViewControllerExtensions.swift in Sources */,
				11B8C019227DC3AB003B4C65 /* CGSizeExtensions.swift in Sources */,
				11B8C01C227DC3AB003B4C65 /* UIOffsetExtensions.swift in Sources */,
				11B8C020227DCEDC003B4C65 /* CodableExtensions.swift in Sources */,
				11B8C02A227DE310003B4C65 /* SecureDataSource.swift in Sources */,
				11B8C021227DCEDC003B4C65 /* DataObjectExtensions.swift in Sources */,
				11B8C01B227DC3AB003B4C65 /* CGMultiplierExtensions.swift in Sources */,
				11B8C01A227DC3AB003B4C65 /* UIEdgeInsetsExtensions.swift in Sources */,
				11D639B1227D729C000ABD2E /* UITableViewExtensions.swift in Sources */,
			);
			runOnlyForDeploymentPostprocessing = 0;
		};
/* End PBXSourcesBuildPhase section */

/* Begin XCBuildConfiguration section */
		11D6399E227D60AB000ABD2E /* Debug */ = {
			isa = XCBuildConfiguration;
			buildSettings = {
				ALWAYS_SEARCH_USER_PATHS = NO;
				CLANG_ANALYZER_NONNULL = YES;
				CLANG_ANALYZER_NUMBER_OBJECT_CONVERSION = YES_AGGRESSIVE;
				CLANG_CXX_LANGUAGE_STANDARD = "gnu++14";
				CLANG_CXX_LIBRARY = "libc++";
				CLANG_ENABLE_MODULES = YES;
				CLANG_ENABLE_OBJC_ARC = YES;
				CLANG_ENABLE_OBJC_WEAK = YES;
				CLANG_WARN_BLOCK_CAPTURE_AUTORELEASING = YES;
				CLANG_WARN_BOOL_CONVERSION = YES;
				CLANG_WARN_COMMA = YES;
				CLANG_WARN_CONSTANT_CONVERSION = YES;
				CLANG_WARN_DEPRECATED_OBJC_IMPLEMENTATIONS = YES;
				CLANG_WARN_DIRECT_OBJC_ISA_USAGE = YES_ERROR;
				CLANG_WARN_DOCUMENTATION_COMMENTS = YES;
				CLANG_WARN_EMPTY_BODY = YES;
				CLANG_WARN_ENUM_CONVERSION = YES;
				CLANG_WARN_INFINITE_RECURSION = YES;
				CLANG_WARN_INT_CONVERSION = YES;
				CLANG_WARN_NON_LITERAL_NULL_CONVERSION = YES;
				CLANG_WARN_OBJC_IMPLICIT_RETAIN_SELF = YES;
				CLANG_WARN_OBJC_LITERAL_CONVERSION = YES;
				CLANG_WARN_OBJC_ROOT_CLASS = YES_ERROR;
				CLANG_WARN_RANGE_LOOP_ANALYSIS = YES;
				CLANG_WARN_STRICT_PROTOTYPES = YES;
				CLANG_WARN_SUSPICIOUS_MOVE = YES;
				CLANG_WARN_UNGUARDED_AVAILABILITY = YES_AGGRESSIVE;
				CLANG_WARN_UNREACHABLE_CODE = YES;
				CLANG_WARN__DUPLICATE_METHOD_MATCH = YES;
				CODE_SIGN_IDENTITY = "iPhone Developer";
				COPY_PHASE_STRIP = NO;
				DEBUG_INFORMATION_FORMAT = dwarf;
				ENABLE_STRICT_OBJC_MSGSEND = YES;
				ENABLE_TESTABILITY = YES;
				GCC_C_LANGUAGE_STANDARD = gnu11;
				GCC_DYNAMIC_NO_PIC = NO;
				GCC_NO_COMMON_BLOCKS = YES;
				GCC_OPTIMIZATION_LEVEL = 0;
				GCC_PREPROCESSOR_DEFINITIONS = (
					"DEBUG=1",
					"$(inherited)",
				);
				GCC_WARN_64_TO_32_BIT_CONVERSION = YES;
				GCC_WARN_ABOUT_RETURN_TYPE = YES_ERROR;
				GCC_WARN_UNDECLARED_SELECTOR = YES;
				GCC_WARN_UNINITIALIZED_AUTOS = YES_AGGRESSIVE;
				GCC_WARN_UNUSED_FUNCTION = YES;
				GCC_WARN_UNUSED_VARIABLE = YES;
				IPHONEOS_DEPLOYMENT_TARGET = 12.2;
				MTL_ENABLE_DEBUG_INFO = INCLUDE_SOURCE;
				MTL_FAST_MATH = YES;
				ONLY_ACTIVE_ARCH = YES;
				SDKROOT = iphoneos;
				SWIFT_ACTIVE_COMPILATION_CONDITIONS = DEBUG;
				SWIFT_OPTIMIZATION_LEVEL = "-Onone";
			};
			name = Debug;
		};
		11D6399F227D60AB000ABD2E /* Release */ = {
			isa = XCBuildConfiguration;
			buildSettings = {
				ALWAYS_SEARCH_USER_PATHS = NO;
				CLANG_ANALYZER_NONNULL = YES;
				CLANG_ANALYZER_NUMBER_OBJECT_CONVERSION = YES_AGGRESSIVE;
				CLANG_CXX_LANGUAGE_STANDARD = "gnu++14";
				CLANG_CXX_LIBRARY = "libc++";
				CLANG_ENABLE_MODULES = YES;
				CLANG_ENABLE_OBJC_ARC = YES;
				CLANG_ENABLE_OBJC_WEAK = YES;
				CLANG_WARN_BLOCK_CAPTURE_AUTORELEASING = YES;
				CLANG_WARN_BOOL_CONVERSION = YES;
				CLANG_WARN_COMMA = YES;
				CLANG_WARN_CONSTANT_CONVERSION = YES;
				CLANG_WARN_DEPRECATED_OBJC_IMPLEMENTATIONS = YES;
				CLANG_WARN_DIRECT_OBJC_ISA_USAGE = YES_ERROR;
				CLANG_WARN_DOCUMENTATION_COMMENTS = YES;
				CLANG_WARN_EMPTY_BODY = YES;
				CLANG_WARN_ENUM_CONVERSION = YES;
				CLANG_WARN_INFINITE_RECURSION = YES;
				CLANG_WARN_INT_CONVERSION = YES;
				CLANG_WARN_NON_LITERAL_NULL_CONVERSION = YES;
				CLANG_WARN_OBJC_IMPLICIT_RETAIN_SELF = YES;
				CLANG_WARN_OBJC_LITERAL_CONVERSION = YES;
				CLANG_WARN_OBJC_ROOT_CLASS = YES_ERROR;
				CLANG_WARN_RANGE_LOOP_ANALYSIS = YES;
				CLANG_WARN_STRICT_PROTOTYPES = YES;
				CLANG_WARN_SUSPICIOUS_MOVE = YES;
				CLANG_WARN_UNGUARDED_AVAILABILITY = YES_AGGRESSIVE;
				CLANG_WARN_UNREACHABLE_CODE = YES;
				CLANG_WARN__DUPLICATE_METHOD_MATCH = YES;
				CODE_SIGN_IDENTITY = "iPhone Developer";
				COPY_PHASE_STRIP = NO;
				DEBUG_INFORMATION_FORMAT = "dwarf-with-dsym";
				ENABLE_NS_ASSERTIONS = NO;
				ENABLE_STRICT_OBJC_MSGSEND = YES;
				GCC_C_LANGUAGE_STANDARD = gnu11;
				GCC_NO_COMMON_BLOCKS = YES;
				GCC_WARN_64_TO_32_BIT_CONVERSION = YES;
				GCC_WARN_ABOUT_RETURN_TYPE = YES_ERROR;
				GCC_WARN_UNDECLARED_SELECTOR = YES;
				GCC_WARN_UNINITIALIZED_AUTOS = YES_AGGRESSIVE;
				GCC_WARN_UNUSED_FUNCTION = YES;
				GCC_WARN_UNUSED_VARIABLE = YES;
				IPHONEOS_DEPLOYMENT_TARGET = 12.2;
				MTL_ENABLE_DEBUG_INFO = NO;
				MTL_FAST_MATH = YES;
				SDKROOT = iphoneos;
				SWIFT_COMPILATION_MODE = wholemodule;
				SWIFT_OPTIMIZATION_LEVEL = "-O";
				VALIDATE_PRODUCT = YES;
			};
			name = Release;
		};
		11D639A1227D60AB000ABD2E /* Debug */ = {
			isa = XCBuildConfiguration;
			buildSettings = {
				ASSETCATALOG_COMPILER_APPICON_NAME = AppIcon;
				CODE_SIGN_STYLE = Automatic;
				INFOPLIST_FILE = "$(SRCROOT)/SwiftSecurity/Supporting Files/Info.plist";
				IPHONEOS_DEPLOYMENT_TARGET = 11.0;
				LD_RUNPATH_SEARCH_PATHS = (
					"$(inherited)",
					"@executable_path/Frameworks",
				);
				PRODUCT_BUNDLE_IDENTIFIER = com.frank.SwiftSecurity;
				PRODUCT_NAME = "$(TARGET_NAME)";
				SWIFT_VERSION = 5.0;
				TARGETED_DEVICE_FAMILY = "1,2";
			};
			name = Debug;
		};
		11D639A2227D60AB000ABD2E /* Release */ = {
			isa = XCBuildConfiguration;
			buildSettings = {
				ASSETCATALOG_COMPILER_APPICON_NAME = AppIcon;
				CODE_SIGN_STYLE = Automatic;
				INFOPLIST_FILE = "$(SRCROOT)/SwiftSecurity/Supporting Files/Info.plist";
				IPHONEOS_DEPLOYMENT_TARGET = 11.0;
				LD_RUNPATH_SEARCH_PATHS = (
					"$(inherited)",
					"@executable_path/Frameworks",
				);
				PRODUCT_BUNDLE_IDENTIFIER = com.frank.SwiftSecurity;
				PRODUCT_NAME = "$(TARGET_NAME)";
				SWIFT_VERSION = 5.0;
				TARGETED_DEVICE_FAMILY = "1,2";
			};
			name = Release;
		};
/* End XCBuildConfiguration section */

/* Begin XCConfigurationList section */
		11D63989227D60AA000ABD2E /* Build configuration list for PBXProject "SwiftSecurity" */ = {
			isa = XCConfigurationList;
			buildConfigurations = (
				11D6399E227D60AB000ABD2E /* Debug */,
				11D6399F227D60AB000ABD2E /* Release */,
			);
			defaultConfigurationIsVisible = 0;
			defaultConfigurationName = Release;
		};
		11D639A0227D60AB000ABD2E /* Build configuration list for PBXNativeTarget "SwiftSecurity" */ = {
			isa = XCConfigurationList;
			buildConfigurations = (
				11D639A1227D60AB000ABD2E /* Debug */,
				11D639A2227D60AB000ABD2E /* Release */,
			);
			defaultConfigurationIsVisible = 0;
			defaultConfigurationName = Release;
		};
/* End XCConfigurationList section */
	};
	rootObject = 11D63986227D60AA000ABD2E /* Project object */;
}
